
Microsoft Visual Studio Solution File, Format Version 12.00
# Visual Studio Version 17
VisualStudioVersion = 17.6.33723.286
MinimumVisualStudioVersion = 10.0.40219.1
Project("{FAE04EC0-301F-11D3-BF4B-00C04F79EFBC}") = "WpfApp1", "WpfApp1.csproj", "{0B403C63-B3FE-4BD4-9D21-354A26E850C2}"
EndProject
Global
	GlobalSection(SolutionConfigurationPlatforms) = preSolution
		Debug|Any CPU = Debug|Any CPU
		Release|Any CPU = Release|Any CPU
	EndGlobalSection
	GlobalSection(ProjectConfigurationPlatforms) = postSolution
		{0B403C63-B3FE-4BD4-9D21-354A26E850C2}.Debug|Any CPU.ActiveCfg = Debug|Any CPU
		{0B403C63-B3FE-4BD4-9D21-354A26E850C2}.Debug|Any CPU.Build.0 = Debug|Any CPU
		{0B403C63-B3FE-4BD4-9D21-354A26E850C2}.Release|Any CPU.ActiveCfg = Release|Any CPU
		{0B403C63-B3FE-4BD4-9D21-354A26E850C2}.Release|Any CPU.Build.0 = Release|Any CPU
	EndGlobalSection
	GlobalSection(SolutionProperties) = preSolution
		HideSolutionNode = FALSE
	EndGlobalSection
	GlobalSection(ExtensibilityGlobals) = postSolution
		SolutionGuid = {E5B085E5-CF5F-4484-B19F-B5C716F1CF8C}
	EndGlobalSection
EndGlobal
