
Microsoft Visual Studio Solution File, Format Version 12.00
# Visual Studio Version 17
VisualStudioVersion = 17.6.33723.286
MinimumVisualStudioVersion = 10.0.40219.1
Project("{FAE04EC0-301F-11D3-BF4B-00C04F79EFBC}") = "TinhtoancotBTCT", "TinhtoancotBTCT.csproj", "{E1A22BF1-C106-4185-9654-C572A48DD237}"
EndProject
Global
	GlobalSection(SolutionConfigurationPlatforms) = preSolution
		Debug|Any CPU = Debug|Any CPU
		Release|Any CPU = Release|Any CPU
	EndGlobalSection
	GlobalSection(ProjectConfigurationPlatforms) = postSolution
		{E1A22BF1-C106-4185-9654-C572A48DD237}.Debug|Any CPU.ActiveCfg = Debug|Any CPU
		{E1A22BF1-C106-4185-9654-C572A48DD237}.Debug|Any CPU.Build.0 = Debug|Any CPU
		{E1A22BF1-C106-4185-9654-C572A48DD237}.Release|Any CPU.ActiveCfg = Release|Any CPU
		{E1A22BF1-C106-4185-9654-C572A48DD237}.Release|Any CPU.Build.0 = Release|Any CPU
	EndGlobalSection
	GlobalSection(SolutionProperties) = preSolution
		HideSolutionNode = FALSE
	EndGlobalSection
	GlobalSection(ExtensibilityGlobals) = postSolution
		SolutionGuid = {60D64163-A890-414D-AF4F-B62C7C4DE9D8}
	EndGlobalSection
EndGlobal
